
Microsoft Visual Studio Solution File, Format Version 12.00
# Visual Studio Version 16
VisualStudioVersion = 16.0.29102.190
MinimumVisualStudioVersion = 10.0.40219.1
Project("{FAE04EC0-301F-11D3-BF4B-00C04F79EFBC}") = "View", "View\View.csproj", "{70895C04-CE13-4D24-8F83-693D17E01276}"
EndProject
Global
	GlobalSection(SolutionConfigurationPlatforms) = preSolution
		Debug|Any CPU = Debug|Any CPU
		Release|Any CPU = Release|Any CPU
	EndGlobalSection
	GlobalSection(ProjectConfigurationPlatforms) = postSolution
		{70895C04-CE13-4D24-8F83-693D17E01276}.Debug|Any CPU.ActiveCfg = Debug|Any CPU
		{70895C04-CE13-4D24-8F83-693D17E01276}.Debug|Any CPU.Build.0 = Debug|Any CPU
		{70895C04-CE13-4D24-8F83-693D17E01276}.Release|Any CPU.ActiveCfg = Release|Any CPU
		{70895C04-CE13-4D24-8F83-693D17E01276}.Release|Any CPU.Build.0 = Release|Any CPU
	EndGlobalSection
	GlobalSection(SolutionProperties) = preSolution
		HideSolutionNode = FALSE
	EndGlobalSection
	GlobalSection(ExtensibilityGlobals) = postSolution
		SolutionGuid = {05535410-437C-44C1-8B38-DFDE894A6F40}
	EndGlobalSection
EndGlobal
